
Microsoft Visual Studio Solution File, Format Version 12.00
# Visual Studio Version 17
VisualStudioVersion = 17.4.33213.308
MinimumVisualStudioVersion = 10.0.40219.1
Project("{9A19103F-16F7-4668-BE54-9A1E7A4F7556}") = "ERP", "ERP\ERP.csproj", "{658F24AE-C162-441F-99B2-2ED878939CD4}"
EndProject
Project("{9A19103F-16F7-4668-BE54-9A1E7A4F7556}") = "ERP.Core", "ERP.Core\ERP.Core.csproj", "{949C670E-B24E-40AC-AAB0-C1B9BD5C185A}"
EndProject
Project("{9A19103F-16F7-4668-BE54-9A1E7A4F7556}") = "ERP.Core.Constants", "ERP.Core.Constants\ERP.Core.Constants.csproj", "{2BD400C7-8C17-4678-B7DA-64AA9F169727}"
EndProject
Project("{9A19103F-16F7-4668-BE54-9A1E7A4F7556}") = "ERP.Core.Filters", "ERP.Core.Filters\ERP.Core.Filters.csproj", "{371271C3-19BD-4B12-BC66-5C9CAEDB58F5}"
EndProject
Project("{FAE04EC0-301F-11D3-BF4B-00C04F79EFBC}") = "ERP.Core.Interfaces", "ERP.Core.Interfaces\ERP.Core.Interfaces.csproj", "{EBAB52C1-CE33-488F-9F31-939CEF1DE341}"
EndProject
Project("{FAE04EC0-301F-11D3-BF4B-00C04F79EFBC}") = "ERP.Core.Models", "ERP.Core.Models\ERP.Core.Models.csproj", "{96082D71-6512-4793-81A8-D183259F795E}"
EndProject
Project("{FAE04EC0-301F-11D3-BF4B-00C04F79EFBC}") = "ERP.Core.Services", "ERP.Core.Services\ERP.Core.Services.csproj", "{6AD1BB42-1283-49FE-82A6-95F980020F27}"
EndProject
Project("{FAE04EC0-301F-11D3-BF4B-00C04F79EFBC}") = "ERP.Core.Validators", "ERP.Core.Validators\ERP.Core.Validators.csproj", "{7D693C8E-B9F3-43C2-93D2-7AF4F53C3929}"
EndProject
Global
	GlobalSection(SolutionConfigurationPlatforms) = preSolution
		Debug|Any CPU = Debug|Any CPU
		Release|Any CPU = Release|Any CPU
	EndGlobalSection
	GlobalSection(ProjectConfigurationPlatforms) = postSolution
		{658F24AE-C162-441F-99B2-2ED878939CD4}.Debug|Any CPU.ActiveCfg = Debug|Any CPU
		{658F24AE-C162-441F-99B2-2ED878939CD4}.Debug|Any CPU.Build.0 = Debug|Any CPU
		{658F24AE-C162-441F-99B2-2ED878939CD4}.Release|Any CPU.ActiveCfg = Release|Any CPU
		{658F24AE-C162-441F-99B2-2ED878939CD4}.Release|Any CPU.Build.0 = Release|Any CPU
		{949C670E-B24E-40AC-AAB0-C1B9BD5C185A}.Debug|Any CPU.ActiveCfg = Debug|Any CPU
		{949C670E-B24E-40AC-AAB0-C1B9BD5C185A}.Debug|Any CPU.Build.0 = Debug|Any CPU
		{949C670E-B24E-40AC-AAB0-C1B9BD5C185A}.Release|Any CPU.ActiveCfg = Release|Any CPU
		{949C670E-B24E-40AC-AAB0-C1B9BD5C185A}.Release|Any CPU.Build.0 = Release|Any CPU
		{2BD400C7-8C17-4678-B7DA-64AA9F169727}.Debug|Any CPU.ActiveCfg = Debug|Any CPU
		{2BD400C7-8C17-4678-B7DA-64AA9F169727}.Debug|Any CPU.Build.0 = Debug|Any CPU
		{2BD400C7-8C17-4678-B7DA-64AA9F169727}.Release|Any CPU.ActiveCfg = Release|Any CPU
		{2BD400C7-8C17-4678-B7DA-64AA9F169727}.Release|Any CPU.Build.0 = Release|Any CPU
		{371271C3-19BD-4B12-BC66-5C9CAEDB58F5}.Debug|Any CPU.ActiveCfg = Debug|Any CPU
		{371271C3-19BD-4B12-BC66-5C9CAEDB58F5}.Debug|Any CPU.Build.0 = Debug|Any CPU
		{371271C3-19BD-4B12-BC66-5C9CAEDB58F5}.Release|Any CPU.ActiveCfg = Release|Any CPU
		{371271C3-19BD-4B12-BC66-5C9CAEDB58F5}.Release|Any CPU.Build.0 = Release|Any CPU
		{EBAB52C1-CE33-488F-9F31-939CEF1DE341}.Debug|Any CPU.ActiveCfg = Debug|Any CPU
		{EBAB52C1-CE33-488F-9F31-939CEF1DE341}.Debug|Any CPU.Build.0 = Debug|Any CPU
		{EBAB52C1-CE33-488F-9F31-939CEF1DE341}.Release|Any CPU.ActiveCfg = Release|Any CPU
		{EBAB52C1-CE33-488F-9F31-939CEF1DE341}.Release|Any CPU.Build.0 = Release|Any CPU
		{96082D71-6512-4793-81A8-D183259F795E}.Debug|Any CPU.ActiveCfg = Debug|Any CPU
		{96082D71-6512-4793-81A8-D183259F795E}.Debug|Any CPU.Build.0 = Debug|Any CPU
		{96082D71-6512-4793-81A8-D183259F795E}.Release|Any CPU.ActiveCfg = Release|Any CPU
		{96082D71-6512-4793-81A8-D183259F795E}.Release|Any CPU.Build.0 = Release|Any CPU
		{6AD1BB42-1283-49FE-82A6-95F980020F27}.Debug|Any CPU.ActiveCfg = Debug|Any CPU
		{6AD1BB42-1283-49FE-82A6-95F980020F27}.Debug|Any CPU.Build.0 = Debug|Any CPU
		{6AD1BB42-1283-49FE-82A6-95F980020F27}.Release|Any CPU.ActiveCfg = Release|Any CPU
		{6AD1BB42-1283-49FE-82A6-95F980020F27}.Release|Any CPU.Build.0 = Release|Any CPU
		{7D693C8E-B9F3-43C2-93D2-7AF4F53C3929}.Debug|Any CPU.ActiveCfg = Debug|Any CPU
		{7D693C8E-B9F3-43C2-93D2-7AF4F53C3929}.Debug|Any CPU.Build.0 = Debug|Any CPU
		{7D693C8E-B9F3-43C2-93D2-7AF4F53C3929}.Release|Any CPU.ActiveCfg = Release|Any CPU
		{7D693C8E-B9F3-43C2-93D2-7AF4F53C3929}.Release|Any CPU.Build.0 = Release|Any CPU
	EndGlobalSection
	GlobalSection(SolutionProperties) = preSolution
		HideSolutionNode = FALSE
	EndGlobalSection
	GlobalSection(ExtensibilityGlobals) = postSolution
		SolutionGuid = {DDE05663-ABF6-4F9B-9DE1-8D8F8C321031}
	EndGlobalSection
EndGlobal
